<?xml version="1.0" encoding="UTF-8"?>
<CONFIG>
  <ProjectOptions>
    <Version Value="11"/>
    <PathDelim Value="\"/>
    <General>
      <Flags>
        <MainUnitHasCreateFormStatements Value="False"/>
        <MainUnitHasTitleStatement Value="False"/>
        <MainUnitHasScaledStatement Value="False"/>
      </Flags>
      <SessionStorage Value="InProjectDir"/>
      <MainUnit Value="0"/>
      <UseAppBundle Value="False"/>
      <ResourceType Value="res"/>
      <UseXPManifest Value="True"/>
      <XPManifest>
        <DpiAware Value="True/PM"/>
      </XPManifest>
    </General>
    <i18n>
      <EnableI18N LFM="False"/>
    </i18n>
    <VersionInfo>
      <UseVersionInfo Value="True"/>
      <MajorVersionNr Value="2"/>
      <RevisionNr Value="1"/>
      <StringTable Comments="Golang Binding LCL for Windows" CompanyName="ying32" FileDescription="Golang Binding LCL for Windows" InternalName="golcl" LegalCopyright="Copyright ying32 All...." OriginalFilename="liblcl.dll" ProductName="golcl" ProductVersion="2.0.0.0"/>
    </VersionInfo>
    <MacroValues Count="1">
      <Macro3 Name="LCLWidgetType" Value="win32"/>
    </MacroValues>
    <BuildModes Count="1">
      <Item1 Name="Win32" Default="True"/>
      <SharedMatrixOptions Count="8">
        <Item1 ID="400096739333" Type="IDEMacro" MacroName="LCLWidgetType" Value="carbon"/>
        <Item2 ID="558457850193" Type="IDEMacro" MacroName="LCLWidgetType" Value="cocoa"/>
        <Item3 ID="929688853515" Modes="Win32" Type="IDEMacro" MacroName="LCLWidgetType" Value="win32"/>
        <Item4 ID="028265915746" Type="IDEMacro" MacroName="LCLWidgetType" Value="win32"/>
        <Item5 ID="316477307003" Type="IDEMacro" MacroName="LCLWidgetType" Value="gtk2"/>
        <Item6 ID="411076831854" Type="IDEMacro" MacroName="LCLWidgetType" Value="gtk3"/>
        <Item7 ID="184723594569" Type="IDEMacro" MacroName="LCLWidgetType" Value="gtk2"/>
        <Item8 ID="471587070140" Type="IDEMacro" MacroName="LCLWidgetType" Value="gtk2"/>
      </SharedMatrixOptions>
    </BuildModes>
    <PublishOptions>
      <Version Value="2"/>
    </PublishOptions>
    <RunParams>
      <FormatVersion Value="2"/>
      <Modes Count="1">
        <Mode0 Name="default"/>
      </Modes>
    </RunParams>
    <RequiredPackages Count="4">
      <Item1>
        <PackageName Value="LazControls"/>
      </Item1>
      <Item2>
        <PackageName Value="DateTimeCtrls"/>
      </Item2>
      <Item3>
        <PackageName Value="Printer4Lazarus"/>
      </Item3>
      <Item4>
        <PackageName Value="LCL"/>
      </Item4>
    </RequiredPackages>
    <Units Count="18">
      <Unit0>
        <Filename Value="liblcl.lpr"/>
        <IsPartOfProject Value="True"/>
      </Unit0>
      <Unit1>
        <Filename Value="uEventCallback.pas"/>
        <IsPartOfProject Value="True"/>
      </Unit1>
      <Unit2>
        <Filename Value="ulinklabel.pas"/>
        <IsPartOfProject Value="True"/>
        <UnitName Value="uLinkLabel"/>
      </Unit2>
      <Unit3>
        <Filename Value="ImageButton.pas"/>
        <IsPartOfProject Value="True"/>
      </Unit3>
      <Unit4>
        <Filename Value="Gauges.pas"/>
        <IsPartOfProject Value="True"/>
      </Unit4>
      <Unit5>
        <Filename Value="ucomponents.pas"/>
        <IsPartOfProject Value="True"/>
        <UnitName Value="uComponents"/>
      </Unit5>
      <Unit6>
        <Filename Value="ugoform.pas"/>
        <IsPartOfProject Value="True"/>
        <UnitName Value="uGoForm"/>
      </Unit6>
      <Unit7>
        <Filename Value="uMiniWebview.pas"/>
        <IsPartOfProject Value="True"/>
      </Unit7>
      <Unit8>
        <Filename Value="ucontrolpatchs.pas"/>
        <IsPartOfProject Value="True"/>
        <UnitName Value="uControlPatchs"/>
      </Unit8>
      <Unit9>
        <Filename Value="umacospatchs.pas"/>
        <IsPartOfProject Value="True"/>
        <UnitName Value="uMacOSPatchs"/>
      </Unit9>
      <Unit10>
        <Filename Value="ulinuxpatchs.pas"/>
        <IsPartOfProject Value="True"/>
        <UnitName Value="uLinuxPatchs"/>
      </Unit10>
      <Unit11>
        <Filename Value="xbutton.pas"/>
        <IsPartOfProject Value="True"/>
        <UnitName Value="xButton"/>
      </Unit11>
      <Unit12>
        <Filename Value="urichedit.pas"/>
        <IsPartOfProject Value="True"/>
        <UnitName Value="uRichEdit"/>
      </Unit12>
      <Unit13>
        <Filename Value="uFormDesignerFile.pas"/>
        <IsPartOfProject Value="True"/>
      </Unit13>
      <Unit14>
        <Filename Value="uexport1.pas"/>
        <IsPartOfProject Value="True"/>
        <UnitName Value="uExport1"/>
      </Unit14>
      <Unit15>
        <Filename Value="uexport2.pas"/>
        <IsPartOfProject Value="True"/>
        <UnitName Value="uExport2"/>
      </Unit15>
      <Unit16>
        <Filename Value="UseAll.inc"/>
        <IsPartOfProject Value="True"/>
      </Unit16>
      <Unit17>
        <Filename Value="uexporttable.pas"/>
        <IsPartOfProject Value="True"/>
        <UnitName Value="uExportTable"/>
      </Unit17>
    </Units>
  </ProjectOptions>
  <CompilerOptions>
    <Version Value="11"/>
    <PathDelim Value="\"/>
    <Target>
      <Filename Value="..\..\..\..\..\bin\liblcl"/>
    </Target>
    <SearchPaths>
      <IncludeFiles Value="$(ProjOutDir)"/>
      <OtherUnitFiles Value="3rd-party\richmemo;3rd-party\richmemo\win32"/>
      <UnitOutputDirectory Value="lib\$(TargetCPU)-$(TargetOS)"/>
    </SearchPaths>
    <CodeGeneration>
      <SmartLinkUnit Value="True"/>
      <RelocatableUnit Value="True"/>
      <TargetCPU Value="i386"/>
      <TargetOS Value="win32"/>
      <Optimizations>
        <OptimizationLevel Value="4"/>
      </Optimizations>
    </CodeGeneration>
    <Linking>
      <Debugging>
        <GenerateDebugInfo Value="False"/>
      </Debugging>
      <LinkSmart Value="True"/>
      <Options>
        <ExecutableType Value="Library"/>
      </Options>
    </Linking>
    <Other>
      <OtherDefines Count="1">
        <Define0 Value="USED_BY_LAZLOGGER_DUMMY"/>
      </OtherDefines>
    </Other>
  </CompilerOptions>
  <Debugging>
    <Exceptions Count="3">
      <Item1>
        <Name Value="EAbort"/>
      </Item1>
      <Item2>
        <Name Value="ECodetoolError"/>
      </Item2>
      <Item3>
        <Name Value="EFOpenError"/>
      </Item3>
    </Exceptions>
  </Debugging>
</CONFIG>
